// !$*UTF8*$!
{
	archiveVersion = 1;
	classes = {
	};
	objectVersion = 46;
	objects = {

/* Begin PBXBuildFile section */
		141D581A8E1700D3D21C2B99 /* Pods_WhatToWearAppUITests.framework in Frameworks */ = {isa = PBXBuildFile; fileRef = 576F010A67A5A0894E0D6E66 /* Pods_WhatToWearAppUITests.framework */; };
		6CFF7EB78E5476C94E89B305 /* Pods_WhatToWearAppTests.framework in Frameworks */ = {isa = PBXBuildFile; fileRef = 2ABFD1FD4CCB5BE94DA49D1C /* Pods_WhatToWearAppTests.framework */; };
		B1218A751D398C09000AB7BA /* AddItemViewController.swift in Sources */ = {isa = PBXBuildFile; fileRef = B1218A741D398C09000AB7BA /* AddItemViewController.swift */; };
		B16807001D4148C1005639F6 /* OutfitGenerator.swift in Sources */ = {isa = PBXBuildFile; fileRef = B16806FF1D4148C1005639F6 /* OutfitGenerator.swift */; };
		B1D301601D29E11A006811F5 /* AppDelegate.swift in Sources */ = {isa = PBXBuildFile; fileRef = B1D3015F1D29E11A006811F5 /* AppDelegate.swift */; };
		B1D301621D29E11A006811F5 /* MainViewController.swift in Sources */ = {isa = PBXBuildFile; fileRef = B1D301611D29E11A006811F5 /* MainViewController.swift */; };
		B1D301651D29E11A006811F5 /* Main.storyboard in Resources */ = {isa = PBXBuildFile; fileRef = B1D301631D29E11A006811F5 /* Main.storyboard */; };
		B1D301671D29E11A006811F5 /* Assets.xcassets in Resources */ = {isa = PBXBuildFile; fileRef = B1D301661D29E11A006811F5 /* Assets.xcassets */; };
		B1D3016A1D29E11A006811F5 /* LaunchScreen.storyboard in Resources */ = {isa = PBXBuildFile; fileRef = B1D301681D29E11A006811F5 /* LaunchScreen.storyboard */; };
		B1D301751D29E11A006811F5 /* WhatToWearAppTests.swift in Sources */ = {isa = PBXBuildFile; fileRef = B1D301741D29E11A006811F5 /* WhatToWearAppTests.swift */; };
		B1D301801D29E11A006811F5 /* WhatToWearAppUITests.swift in Sources */ = {isa = PBXBuildFile; fileRef = B1D3017F1D29E11A006811F5 /* WhatToWearAppUITests.swift */; };
		B1D3018E1D29E16E006811F5 /* Clothing.swift in Sources */ = {isa = PBXBuildFile; fileRef = B1D3018D1D29E16E006811F5 /* Clothing.swift */; };
		B1D301901D29E1B8006811F5 /* Outfit.swift in Sources */ = {isa = PBXBuildFile; fileRef = B1D3018F1D29E1B8006811F5 /* Outfit.swift */; };
		B1E48CAC1D3ECC5C00AF7AFA /* TopClass.swift in Sources */ = {isa = PBXBuildFile; fileRef = B1E48CAB1D3ECC5C00AF7AFA /* TopClass.swift */; };
		B1E48CAE1D3ECD4900AF7AFA /* BottomClass.swift in Sources */ = {isa = PBXBuildFile; fileRef = B1E48CAD1D3ECD4900AF7AFA /* BottomClass.swift */; };
		B1EB94C41D2F317D00B06429 /* Match.swift in Sources */ = {isa = PBXBuildFile; fileRef = B1EB94C31D2F317D00B06429 /* Match.swift */; };
		B1F1B8631D2C76BD002B2E99 /* GoogleService-Info.plist in Resources */ = {isa = PBXBuildFile; fileRef = B1F1B8621D2C76BD002B2E99 /* GoogleService-Info.plist */; };
		E8B1C225B7D34B31F6370D1B /* Pods_WhatToWearApp.framework in Frameworks */ = {isa = PBXBuildFile; fileRef = 4B02B5343DCB58CBD0C6C90B /* Pods_WhatToWearApp.framework */; };
/* End PBXBuildFile section */

/* Begin PBXContainerItemProxy section */
		B1D301711D29E11A006811F5 /* PBXContainerItemProxy */ = {
			isa = PBXContainerItemProxy;
			containerPortal = B1D301541D29E11A006811F5 /* Project object */;
			proxyType = 1;
			remoteGlobalIDString = B1D3015B1D29E11A006811F5;
			remoteInfo = WhatToWearApp;
		};
		B1D3017C1D29E11A006811F5 /* PBXContainerItemProxy */ = {
			isa = PBXContainerItemProxy;
			containerPortal = B1D301541D29E11A006811F5 /* Project object */;
			proxyType = 1;
			remoteGlobalIDString = B1D3015B1D29E11A006811F5;
			remoteInfo = WhatToWearApp;
		};
/* End PBXContainerItemProxy section */

/* Begin PBXFileReference section */
		0952EBEADC8DD7FCBE3144F6 /* Pods-WhatToWearApp.debug.xcconfig */ = {isa = PBXFileReference; includeInIndex = 1; lastKnownFileType = text.xcconfig; name = "Pods-WhatToWearApp.debug.xcconfig"; path = "Pods/Target Support Files/Pods-WhatToWearApp/Pods-WhatToWearApp.debug.xcconfig"; sourceTree = "<group>"; };
		24AF8FD0683A1D1F747F92C9 /* Pods-WhatToWearAppTests.release.xcconfig */ = {isa = PBXFileReference; includeInIndex = 1; lastKnownFileType = text.xcconfig; name = "Pods-WhatToWearAppTests.release.xcconfig"; path = "Pods/Target Support Files/Pods-WhatToWearAppTests/Pods-WhatToWearAppTests.release.xcconfig"; sourceTree = "<group>"; };
		2ABFD1FD4CCB5BE94DA49D1C /* Pods_WhatToWearAppTests.framework */ = {isa = PBXFileReference; explicitFileType = wrapper.framework; includeInIndex = 0; path = Pods_WhatToWearAppTests.framework; sourceTree = BUILT_PRODUCTS_DIR; };
		4B02B5343DCB58CBD0C6C90B /* Pods_WhatToWearApp.framework */ = {isa = PBXFileReference; explicitFileType = wrapper.framework; includeInIndex = 0; path = Pods_WhatToWearApp.framework; sourceTree = BUILT_PRODUCTS_DIR; };
		539011CB3809D20E6FD36E60 /* Pods-WhatToWearApp.release.xcconfig */ = {isa = PBXFileReference; includeInIndex = 1; lastKnownFileType = text.xcconfig; name = "Pods-WhatToWearApp.release.xcconfig"; path = "Pods/Target Support Files/Pods-WhatToWearApp/Pods-WhatToWearApp.release.xcconfig"; sourceTree = "<group>"; };
		576F010A67A5A0894E0D6E66 /* Pods_WhatToWearAppUITests.framework */ = {isa = PBXFileReference; explicitFileType = wrapper.framework; includeInIndex = 0; path = Pods_WhatToWearAppUITests.framework; sourceTree = BUILT_PRODUCTS_DIR; };
		7E5375D022C31ED690B7FD8C /* Pods-WhatToWearAppUITests.release.xcconfig */ = {isa = PBXFileReference; includeInIndex = 1; lastKnownFileType = text.xcconfig; name = "Pods-WhatToWearAppUITests.release.xcconfig"; path = "Pods/Target Support Files/Pods-WhatToWearAppUITests/Pods-WhatToWearAppUITests.release.xcconfig"; sourceTree = "<group>"; };
		904175A0B951CAE68CBA904F /* Pods-WhatToWearAppTests.debug.xcconfig */ = {isa = PBXFileReference; includeInIndex = 1; lastKnownFileType = text.xcconfig; name = "Pods-WhatToWearAppTests.debug.xcconfig"; path = "Pods/Target Support Files/Pods-WhatToWearAppTests/Pods-WhatToWearAppTests.debug.xcconfig"; sourceTree = "<group>"; };
		B1218A741D398C09000AB7BA /* AddItemViewController.swift */ = {isa = PBXFileReference; fileEncoding = 4; lastKnownFileType = sourcecode.swift; path = AddItemViewController.swift; sourceTree = "<group>"; };
		B16806FF1D4148C1005639F6 /* OutfitGenerator.swift */ = {isa = PBXFileReference; fileEncoding = 4; lastKnownFileType = sourcecode.swift; path = OutfitGenerator.swift; sourceTree = "<group>"; };
		B1D3015C1D29E11A006811F5 /* WhatToWearApp.app */ = {isa = PBXFileReference; explicitFileType = wrapper.application; includeInIndex = 0; path = WhatToWearApp.app; sourceTree = BUILT_PRODUCTS_DIR; };
		B1D3015F1D29E11A006811F5 /* AppDelegate.swift */ = {isa = PBXFileReference; lastKnownFileType = sourcecode.swift; path = AppDelegate.swift; sourceTree = "<group>"; };
		B1D301611D29E11A006811F5 /* MainViewController.swift */ = {isa = PBXFileReference; lastKnownFileType = sourcecode.swift; path = MainViewController.swift; sourceTree = "<group>"; };
		B1D301641D29E11A006811F5 /* Base */ = {isa = PBXFileReference; lastKnownFileType = file.storyboard; name = Base; path = Base.lproj/Main.storyboard; sourceTree = "<group>"; };
		B1D301661D29E11A006811F5 /* Assets.xcassets */ = {isa = PBXFileReference; lastKnownFileType = folder.assetcatalog; path = Assets.xcassets; sourceTree = "<group>"; };
		B1D301691D29E11A006811F5 /* Base */ = {isa = PBXFileReference; lastKnownFileType = file.storyboard; name = Base; path = Base.lproj/LaunchScreen.storyboard; sourceTree = "<group>"; };
		B1D3016B1D29E11A006811F5 /* Info.plist */ = {isa = PBXFileReference; lastKnownFileType = text.plist.xml; path = Info.plist; sourceTree = "<group>"; };
		B1D301701D29E11A006811F5 /* WhatToWearAppTests.xctest */ = {isa = PBXFileReference; explicitFileType = wrapper.cfbundle; includeInIndex = 0; path = WhatToWearAppTests.xctest; sourceTree = BUILT_PRODUCTS_DIR; };
		B1D301741D29E11A006811F5 /* WhatToWearAppTests.swift */ = {isa = PBXFileReference; lastKnownFileType = sourcecode.swift; path = WhatToWearAppTests.swift; sourceTree = "<group>"; };
		B1D301761D29E11A006811F5 /* Info.plist */ = {isa = PBXFileReference; lastKnownFileType = text.plist.xml; path = Info.plist; sourceTree = "<group>"; };
		B1D3017B1D29E11A006811F5 /* WhatToWearAppUITests.xctest */ = {isa = PBXFileReference; explicitFileType = wrapper.cfbundle; includeInIndex = 0; path = WhatToWearAppUITests.xctest; sourceTree = BUILT_PRODUCTS_DIR; };
		B1D3017F1D29E11A006811F5 /* WhatToWearAppUITests.swift */ = {isa = PBXFileReference; lastKnownFileType = sourcecode.swift; path = WhatToWearAppUITests.swift; sourceTree = "<group>"; };
		B1D301811D29E11A006811F5 /* Info.plist */ = {isa = PBXFileReference; lastKnownFileType = text.plist.xml; path = Info.plist; sourceTree = "<group>"; };
		B1D3018D1D29E16E006811F5 /* Clothing.swift */ = {isa = PBXFileReference; fileEncoding = 4; lastKnownFileType = sourcecode.swift; path = Clothing.swift; sourceTree = "<group>"; };
		B1D3018F1D29E1B8006811F5 /* Outfit.swift */ = {isa = PBXFileReference; fileEncoding = 4; lastKnownFileType = sourcecode.swift; path = Outfit.swift; sourceTree = "<group>"; };
		B1E48CAB1D3ECC5C00AF7AFA /* TopClass.swift */ = {isa = PBXFileReference; fileEncoding = 4; lastKnownFileType = sourcecode.swift; path = TopClass.swift; sourceTree = "<group>"; };
		B1E48CAD1D3ECD4900AF7AFA /* BottomClass.swift */ = {isa = PBXFileReference; fileEncoding = 4; lastKnownFileType = sourcecode.swift; path = BottomClass.swift; sourceTree = "<group>"; };
		B1EB94C31D2F317D00B06429 /* Match.swift */ = {isa = PBXFileReference; fileEncoding = 4; lastKnownFileType = sourcecode.swift; path = Match.swift; sourceTree = "<group>"; };
		B1F1B8621D2C76BD002B2E99 /* GoogleService-Info.plist */ = {isa = PBXFileReference; fileEncoding = 4; lastKnownFileType = text.plist.xml; path = "GoogleService-Info.plist"; sourceTree = "<group>"; };
		F63F58EB2962C99D8F6BAB20 /* Pods-WhatToWearAppUITests.debug.xcconfig */ = {isa = PBXFileReference; includeInIndex = 1; lastKnownFileType = text.xcconfig; name = "Pods-WhatToWearAppUITests.debug.xcconfig"; path = "Pods/Target Support Files/Pods-WhatToWearAppUITests/Pods-WhatToWearAppUITests.debug.xcconfig"; sourceTree = "<group>"; };
/* End PBXFileReference section */

/* Begin PBXFrameworksBuildPhase section */
		B1D301591D29E11A006811F5 /* Frameworks */ = {
			isa = PBXFrameworksBuildPhase;
			buildActionMask = 2147483647;
			files = (
				E8B1C225B7D34B31F6370D1B /* Pods_WhatToWearApp.framework in Frameworks */,
			);
			runOnlyForDeploymentPostprocessing = 0;
		};
		B1D3016D1D29E11A006811F5 /* Frameworks */ = {
			isa = PBXFrameworksBuildPhase;
			buildActionMask = 2147483647;
			files = (
				6CFF7EB78E5476C94E89B305 /* Pods_WhatToWearAppTests.framework in Frameworks */,
			);
			runOnlyForDeploymentPostprocessing = 0;
		};
		B1D301781D29E11A006811F5 /* Frameworks */ = {
			isa = PBXFrameworksBuildPhase;
			buildActionMask = 2147483647;
			files = (
				141D581A8E1700D3D21C2B99 /* Pods_WhatToWearAppUITests.framework in Frameworks */,
			);
			runOnlyForDeploymentPostprocessing = 0;
		};
/* End PBXFrameworksBuildPhase section */

/* Begin PBXGroup section */
		03FAC0D107D4CAA32EDF2FAB /* Pods */ = {
			isa = PBXGroup;
			children = (
				0952EBEADC8DD7FCBE3144F6 /* Pods-WhatToWearApp.debug.xcconfig */,
				539011CB3809D20E6FD36E60 /* Pods-WhatToWearApp.release.xcconfig */,
				904175A0B951CAE68CBA904F /* Pods-WhatToWearAppTests.debug.xcconfig */,
				24AF8FD0683A1D1F747F92C9 /* Pods-WhatToWearAppTests.release.xcconfig */,
				F63F58EB2962C99D8F6BAB20 /* Pods-WhatToWearAppUITests.debug.xcconfig */,
				7E5375D022C31ED690B7FD8C /* Pods-WhatToWearAppUITests.release.xcconfig */,
			);
			name = Pods;
			sourceTree = "<group>";
		};
		261EEC13EDF6BE180CACF7D5 /* Frameworks */ = {
			isa = PBXGroup;
			children = (
				4B02B5343DCB58CBD0C6C90B /* Pods_WhatToWearApp.framework */,
				2ABFD1FD4CCB5BE94DA49D1C /* Pods_WhatToWearAppTests.framework */,
				576F010A67A5A0894E0D6E66 /* Pods_WhatToWearAppUITests.framework */,
			);
			name = Frameworks;
			sourceTree = "<group>";
		};
		B1D301531D29E11A006811F5 = {
			isa = PBXGroup;
			children = (
				B1D3015E1D29E11A006811F5 /* WhatToWearApp */,
				B1D301731D29E11A006811F5 /* WhatToWearAppTests */,
				B1D3017E1D29E11A006811F5 /* WhatToWearAppUITests */,
				B1D3015D1D29E11A006811F5 /* Products */,
				03FAC0D107D4CAA32EDF2FAB /* Pods */,
				261EEC13EDF6BE180CACF7D5 /* Frameworks */,
			);
			sourceTree = "<group>";
		};
		B1D3015D1D29E11A006811F5 /* Products */ = {
			isa = PBXGroup;
			children = (
				B1D3015C1D29E11A006811F5 /* WhatToWearApp.app */,
				B1D301701D29E11A006811F5 /* WhatToWearAppTests.xctest */,
				B1D3017B1D29E11A006811F5 /* WhatToWearAppUITests.xctest */,
			);
			name = Products;
			sourceTree = "<group>";
		};
		B1D3015E1D29E11A006811F5 /* WhatToWearApp */ = {
			isa = PBXGroup;
			children = (
				B1E48CAA1D3ECC1300AF7AFA /* Models */,
				B1218A741D398C09000AB7BA /* AddItemViewController.swift */,
				B1D301611D29E11A006811F5 /* MainViewController.swift */,
				B1D3015F1D29E11A006811F5 /* AppDelegate.swift */,
				B1D301631D29E11A006811F5 /* Main.storyboard */,
				B1D301661D29E11A006811F5 /* Assets.xcassets */,
				B1D301681D29E11A006811F5 /* LaunchScreen.storyboard */,
				B1D3016B1D29E11A006811F5 /* Info.plist */,
				B1F1B8621D2C76BD002B2E99 /* GoogleService-Info.plist */,
			);
			path = WhatToWearApp;
			sourceTree = "<group>";
		};
		B1D301731D29E11A006811F5 /* WhatToWearAppTests */ = {
			isa = PBXGroup;
			children = (
				B1D301741D29E11A006811F5 /* WhatToWearAppTests.swift */,
				B1D301761D29E11A006811F5 /* Info.plist */,
			);
			path = WhatToWearAppTests;
			sourceTree = "<group>";
		};
		B1D3017E1D29E11A006811F5 /* WhatToWearAppUITests */ = {
			isa = PBXGroup;
			children = (
				B1D3017F1D29E11A006811F5 /* WhatToWearAppUITests.swift */,
				B1D301811D29E11A006811F5 /* Info.plist */,
			);
			path = WhatToWearAppUITests;
			sourceTree = "<group>";
		};
		B1E48CAA1D3ECC1300AF7AFA /* Models */ = {
			isa = PBXGroup;
			children = (
				B1EB94C31D2F317D00B06429 /* Match.swift */,
				B1D3018F1D29E1B8006811F5 /* Outfit.swift */,
				B1D3018D1D29E16E006811F5 /* Clothing.swift */,
				B1E48CAB1D3ECC5C00AF7AFA /* TopClass.swift */,
				B1E48CAD1D3ECD4900AF7AFA /* BottomClass.swift */,
				B16806FF1D4148C1005639F6 /* OutfitGenerator.swift */,
			);
			name = Models;
			sourceTree = "<group>";
		};
/* End PBXGroup section */

/* Begin PBXNativeTarget section */
		B1D3015B1D29E11A006811F5 /* WhatToWearApp */ = {
			isa = PBXNativeTarget;
			buildConfigurationList = B1D301841D29E11A006811F5 /* Build configuration list for PBXNativeTarget "WhatToWearApp" */;
			buildPhases = (
				74ABE4C3646C6E3E92B81863 /* [CP] Check Pods Manifest.lock */,
				B1D301581D29E11A006811F5 /* Sources */,
				B1D301591D29E11A006811F5 /* Frameworks */,
				B1D3015A1D29E11A006811F5 /* Resources */,
				8559C08CC4A0A4E6A72523A0 /* [CP] Embed Pods Frameworks */,
				B6EE0726776303180A2B847F /* [CP] Copy Pods Resources */,
			);
			buildRules = (
			);
			dependencies = (
			);
			name = WhatToWearApp;
			productName = WhatToWearApp;
			productReference = B1D3015C1D29E11A006811F5 /* WhatToWearApp.app */;
			productType = "com.apple.product-type.application";
		};
		B1D3016F1D29E11A006811F5 /* WhatToWearAppTests */ = {
			isa = PBXNativeTarget;
			buildConfigurationList = B1D301871D29E11A006811F5 /* Build configuration list for PBXNativeTarget "WhatToWearAppTests" */;
			buildPhases = (
				BE7F4526D5EDB6DD3566B3C8 /* [CP] Check Pods Manifest.lock */,
				B1D3016C1D29E11A006811F5 /* Sources */,
				B1D3016D1D29E11A006811F5 /* Frameworks */,
				B1D3016E1D29E11A006811F5 /* Resources */,
				6B3802D80BA270D490520D42 /* [CP] Embed Pods Frameworks */,
				C523902F4F801D321E89C47D /* [CP] Copy Pods Resources */,
			);
			buildRules = (
			);
			dependencies = (
				B1D301721D29E11A006811F5 /* PBXTargetDependency */,
			);
			name = WhatToWearAppTests;
			productName = WhatToWearAppTests;
			productReference = B1D301701D29E11A006811F5 /* WhatToWearAppTests.xctest */;
			productType = "com.apple.product-type.bundle.unit-test";
		};
		B1D3017A1D29E11A006811F5 /* WhatToWearAppUITests */ = {
			isa = PBXNativeTarget;
			buildConfigurationList = B1D3018A1D29E11A006811F5 /* Build configuration list for PBXNativeTarget "WhatToWearAppUITests" */;
			buildPhases = (
				2DFDBD3E2820A2EC13A00521 /* [CP] Check Pods Manifest.lock */,
				B1D301771D29E11A006811F5 /* Sources */,
				B1D301781D29E11A006811F5 /* Frameworks */,
				B1D301791D29E11A006811F5 /* Resources */,
				5129FC393D81FC1DAF0AFC6A /* [CP] Copy Pods Resources */,
			);
			buildRules = (
			);
			dependencies = (
				B1D3017D1D29E11A006811F5 /* PBXTargetDependency */,
			);
			name = WhatToWearAppUITests;
			productName = WhatToWearAppUITests;
			productReference = B1D3017B1D29E11A006811F5 /* WhatToWearAppUITests.xctest */;
			productType = "com.apple.product-type.bundle.ui-testing";
		};
/* End PBXNativeTarget section */

/* Begin PBXProject section */
		B1D301541D29E11A006811F5 /* Project object */ = {
			isa = PBXProject;
			attributes = {
				LastSwiftUpdateCheck = 0800;
				LastUpgradeCheck = 0800;
				ORGANIZATIONNAME = "Luyuan Xing";
				TargetAttributes = {
					B1D3015B1D29E11A006811F5 = {
						CreatedOnToolsVersion = 8.0;
						DevelopmentTeam = LAF286FY7D;
						DevelopmentTeamName = "Luyuan Xing (Personal Team)";
						ProvisioningStyle = Automatic;
					};
					B1D3016F1D29E11A006811F5 = {
						CreatedOnToolsVersion = 8.0;
						DevelopmentTeam = LAF286FY7D;
						DevelopmentTeamName = "Luyuan Xing (Personal Team)";
						ProvisioningStyle = Automatic;
						TestTargetID = B1D3015B1D29E11A006811F5;
					};
					B1D3017A1D29E11A006811F5 = {
						CreatedOnToolsVersion = 8.0;
						DevelopmentTeam = LAF286FY7D;
						DevelopmentTeamName = "Luyuan Xing (Personal Team)";
						ProvisioningStyle = Automatic;
						TestTargetID = B1D3015B1D29E11A006811F5;
					};
				};
			};
			buildConfigurationList = B1D301571D29E11A006811F5 /* Build configuration list for PBXProject "WhatToWearApp" */;
			compatibilityVersion = "Xcode 3.2";
			developmentRegion = English;
			hasScannedForEncodings = 0;
			knownRegions = (
				en,
				Base,
			);
			mainGroup = B1D301531D29E11A006811F5;
			productRefGroup = B1D3015D1D29E11A006811F5 /* Products */;
			projectDirPath = "";
			projectRoot = "";
			targets = (
				B1D3015B1D29E11A006811F5 /* WhatToWearApp */,
				B1D3016F1D29E11A006811F5 /* WhatToWearAppTests */,
				B1D3017A1D29E11A006811F5 /* WhatToWearAppUITests */,
			);
		};
/* End PBXProject section */

/* Begin PBXResourcesBuildPhase section */
		B1D3015A1D29E11A006811F5 /* Resources */ = {
			isa = PBXResourcesBuildPhase;
			buildActionMask = 2147483647;
			files = (
				B1D3016A1D29E11A006811F5 /* LaunchScreen.storyboard in Resources */,
				B1F1B8631D2C76BD002B2E99 /* GoogleService-Info.plist in Resources */,
				B1D301671D29E11A006811F5 /* Assets.xcassets in Resources */,
				B1D301651D29E11A006811F5 /* Main.storyboard in Resources */,
			);
			runOnlyForDeploymentPostprocessing = 0;
		};
		B1D3016E1D29E11A006811F5 /* Resources */ = {
			isa = PBXResourcesBuildPhase;
			buildActionMask = 2147483647;
			files = (
			);
			runOnlyForDeploymentPostprocessing = 0;
		};
		B1D301791D29E11A006811F5 /* Resources */ = {
			isa = PBXResourcesBuildPhase;
			buildActionMask = 2147483647;
			files = (
			);
			runOnlyForDeploymentPostprocessing = 0;
		};
/* End PBXResourcesBuildPhase section */

/* Begin PBXShellScriptBuildPhase section */
		2DFDBD3E2820A2EC13A00521 /* [CP] Check Pods Manifest.lock */ = {
			isa = PBXShellScriptBuildPhase;
			buildActionMask = 2147483647;
			files = (
			);
			inputPaths = (
			);
			name = "[CP] Check Pods Manifest.lock";
			outputPaths = (
			);
			runOnlyForDeploymentPostprocessing = 0;
			shellPath = /bin/sh;
			shellScript = "diff \"${PODS_ROOT}/../Podfile.lock\" \"${PODS_ROOT}/Manifest.lock\" > /dev/null\nif [[ $? != 0 ]] ; then\n    cat << EOM\nerror: The sandbox is not in sync with the Podfile.lock. Run 'pod install' or update your CocoaPods installation.\nEOM\n    exit 1\nfi\n";
			showEnvVarsInLog = 0;
		};
		5129FC393D81FC1DAF0AFC6A /* [CP] Copy Pods Resources */ = {
			isa = PBXShellScriptBuildPhase;
			buildActionMask = 2147483647;
			files = (
			);
			inputPaths = (
			);
			name = "[CP] Copy Pods Resources";
			outputPaths = (
			);
			runOnlyForDeploymentPostprocessing = 0;
			shellPath = /bin/sh;
			shellScript = "\"${SRCROOT}/Pods/Target Support Files/Pods-WhatToWearAppUITests/Pods-WhatToWearAppUITests-resources.sh\"\n";
			showEnvVarsInLog = 0;
		};
		6B3802D80BA270D490520D42 /* [CP] Embed Pods Frameworks */ = {
			isa = PBXShellScriptBuildPhase;
			buildActionMask = 2147483647;
			files = (
			);
			inputPaths = (
			);
			name = "[CP] Embed Pods Frameworks";
			outputPaths = (
			);
			runOnlyForDeploymentPostprocessing = 0;
			shellPath = /bin/sh;
			shellScript = "\"${SRCROOT}/Pods/Target Support Files/Pods-WhatToWearAppTests/Pods-WhatToWearAppTests-frameworks.sh\"\n";
			showEnvVarsInLog = 0;
		};
		74ABE4C3646C6E3E92B81863 /* [CP] Check Pods Manifest.lock */ = {
			isa = PBXShellScriptBuildPhase;
			buildActionMask = 2147483647;
			files = (
			);
			inputPaths = (
			);
			name = "[CP] Check Pods Manifest.lock";
			outputPaths = (
			);
			runOnlyForDeploymentPostprocessing = 0;
			shellPath = /bin/sh;
			shellScript = "diff \"${PODS_ROOT}/../Podfile.lock\" \"${PODS_ROOT}/Manifest.lock\" > /dev/null\nif [[ $? != 0 ]] ; then\n    cat << EOM\nerror: The sandbox is not in sync with the Podfile.lock. Run 'pod install' or update your CocoaPods installation.\nEOM\n    exit 1\nfi\n";
			showEnvVarsInLog = 0;
		};
		8559C08CC4A0A4E6A72523A0 /* [CP] Embed Pods Frameworks */ = {
			isa = PBXShellScriptBuildPhase;
			buildActionMask = 2147483647;
			files = (
			);
			inputPaths = (
			);
			name = "[CP] Embed Pods Frameworks";
			outputPaths = (
			);
			runOnlyForDeploymentPostprocessing = 0;
			shellPath = /bin/sh;
			shellScript = "\"${SRCROOT}/Pods/Target Support Files/Pods-WhatToWearApp/Pods-WhatToWearApp-frameworks.sh\"\n";
			showEnvVarsInLog = 0;
		};
		B6EE0726776303180A2B847F /* [CP] Copy Pods Resources */ = {
			isa = PBXShellScriptBuildPhase;
			buildActionMask = 2147483647;
			files = (
			);
			inputPaths = (
			);
			name = "[CP] Copy Pods Resources";
			outputPaths = (
			);
			runOnlyForDeploymentPostprocessing = 0;
			shellPath = /bin/sh;
			shellScript = "\"${SRCROOT}/Pods/Target Support Files/Pods-WhatToWearApp/Pods-WhatToWearApp-resources.sh\"\n";
			showEnvVarsInLog = 0;
		};
		BE7F4526D5EDB6DD3566B3C8 /* [CP] Check Pods Manifest.lock */ = {
			isa = PBXShellScriptBuildPhase;
			buildActionMask = 2147483647;
			files = (
			);
			inputPaths = (
			);
			name = "[CP] Check Pods Manifest.lock";
			outputPaths = (
			);
			runOnlyForDeploymentPostprocessing = 0;
			shellPath = /bin/sh;
			shellScript = "diff \"${PODS_ROOT}/../Podfile.lock\" \"${PODS_ROOT}/Manifest.lock\" > /dev/null\nif [[ $? != 0 ]] ; then\n    cat << EOM\nerror: The sandbox is not in sync with the Podfile.lock. Run 'pod install' or update your CocoaPods installation.\nEOM\n    exit 1\nfi\n";
			showEnvVarsInLog = 0;
		};
		C523902F4F801D321E89C47D /* [CP] Copy Pods Resources */ = {
			isa = PBXShellScriptBuildPhase;
			buildActionMask = 2147483647;
			files = (
			);
			inputPaths = (
			);
			name = "[CP] Copy Pods Resources";
			outputPaths = (
			);
			runOnlyForDeploymentPostprocessing = 0;
			shellPath = /bin/sh;
			shellScript = "\"${SRCROOT}/Pods/Target Support Files/Pods-WhatToWearAppTests/Pods-WhatToWearAppTests-resources.sh\"\n";
			showEnvVarsInLog = 0;
		};
/* End PBXShellScriptBuildPhase section */

/* Begin PBXSourcesBuildPhase section */
		B1D301581D29E11A006811F5 /* Sources */ = {
			isa = PBXSourcesBuildPhase;
			buildActionMask = 2147483647;
			files = (
				B1D301621D29E11A006811F5 /* MainViewController.swift in Sources */,
				B1E48CAE1D3ECD4900AF7AFA /* BottomClass.swift in Sources */,
				B1E48CAC1D3ECC5C00AF7AFA /* TopClass.swift in Sources */,
				B1D3018E1D29E16E006811F5 /* Clothing.swift in Sources */,
				B1D301901D29E1B8006811F5 /* Outfit.swift in Sources */,
				B1218A751D398C09000AB7BA /* AddItemViewController.swift in Sources */,
				B1EB94C41D2F317D00B06429 /* Match.swift in Sources */,
				B16807001D4148C1005639F6 /* OutfitGenerator.swift in Sources */,
				B1D301601D29E11A006811F5 /* AppDelegate.swift in Sources */,
			);
			runOnlyForDeploymentPostprocessing = 0;
		};
		B1D3016C1D29E11A006811F5 /* Sources */ = {
			isa = PBXSourcesBuildPhase;
			buildActionMask = 2147483647;
			files = (
				B1D301751D29E11A006811F5 /* WhatToWearAppTests.swift in Sources */,
			);
			runOnlyForDeploymentPostprocessing = 0;
		};
		B1D301771D29E11A006811F5 /* Sources */ = {
			isa = PBXSourcesBuildPhase;
			buildActionMask = 2147483647;
			files = (
				B1D301801D29E11A006811F5 /* WhatToWearAppUITests.swift in Sources */,
			);
			runOnlyForDeploymentPostprocessing = 0;
		};
/* End PBXSourcesBuildPhase section */

/* Begin PBXTargetDependency section */
		B1D301721D29E11A006811F5 /* PBXTargetDependency */ = {
			isa = PBXTargetDependency;
			target = B1D3015B1D29E11A006811F5 /* WhatToWearApp */;
			targetProxy = B1D301711D29E11A006811F5 /* PBXContainerItemProxy */;
		};
		B1D3017D1D29E11A006811F5 /* PBXTargetDependency */ = {
			isa = PBXTargetDependency;
			target = B1D3015B1D29E11A006811F5 /* WhatToWearApp */;
			targetProxy = B1D3017C1D29E11A006811F5 /* PBXContainerItemProxy */;
		};
/* End PBXTargetDependency section */

/* Begin PBXVariantGroup section */
		B1D301631D29E11A006811F5 /* Main.storyboard */ = {
			isa = PBXVariantGroup;
			children = (
				B1D301641D29E11A006811F5 /* Base */,
			);
			name = Main.storyboard;
			sourceTree = "<group>";
		};
		B1D301681D29E11A006811F5 /* LaunchScreen.storyboard */ = {
			isa = PBXVariantGroup;
			children = (
				B1D301691D29E11A006811F5 /* Base */,
			);
			name = LaunchScreen.storyboard;
			sourceTree = "<group>";
		};
/* End PBXVariantGroup section */

/* Begin XCBuildConfiguration section */
		B1D301821D29E11A006811F5 /* Debug */ = {
			isa = XCBuildConfiguration;
			buildSettings = {
				ALWAYS_SEARCH_USER_PATHS = NO;
				CLANG_ANALYZER_NONNULL = YES;
				CLANG_CXX_LANGUAGE_STANDARD = "gnu++0x";
				CLANG_CXX_LIBRARY = "libc++";
				CLANG_ENABLE_MODULES = YES;
				CLANG_ENABLE_OBJC_ARC = YES;
				CLANG_WARN_BOOL_CONVERSION = YES;
				CLANG_WARN_CONSTANT_CONVERSION = YES;
				CLANG_WARN_DIRECT_OBJC_ISA_USAGE = YES_ERROR;
				CLANG_WARN_DOCUMENTATION_COMMENTS = YES;
				CLANG_WARN_EMPTY_BODY = YES;
				CLANG_WARN_ENUM_CONVERSION = YES;
				CLANG_WARN_INT_CONVERSION = YES;
				CLANG_WARN_OBJC_ROOT_CLASS = YES_ERROR;
				CLANG_WARN_UNREACHABLE_CODE = YES;
				CLANG_WARN__DUPLICATE_METHOD_MATCH = YES;
				CODE_SIGN_IDENTITY = "iPhone Developer";
				"CODE_SIGN_IDENTITY[sdk=iphoneos*]" = "iPhone Developer";
				COPY_PHASE_STRIP = NO;
				DEBUG_INFORMATION_FORMAT = dwarf;
				ENABLE_STRICT_OBJC_MSGSEND = YES;
				ENABLE_TESTABILITY = YES;
				GCC_C_LANGUAGE_STANDARD = gnu99;
				GCC_DYNAMIC_NO_PIC = NO;
				GCC_NO_COMMON_BLOCKS = YES;
				GCC_OPTIMIZATION_LEVEL = 0;
				GCC_PREPROCESSOR_DEFINITIONS = (
					"DEBUG=1",
					"$(inherited)",
				);
				GCC_WARN_64_TO_32_BIT_CONVERSION = YES;
				GCC_WARN_ABOUT_RETURN_TYPE = YES_ERROR;
				GCC_WARN_UNDECLARED_SELECTOR = YES;
				GCC_WARN_UNINITIALIZED_AUTOS = YES_AGGRESSIVE;
				GCC_WARN_UNUSED_FUNCTION = YES;
				GCC_WARN_UNUSED_VARIABLE = YES;
				IPHONEOS_DEPLOYMENT_TARGET = 9.0;
				MTL_ENABLE_DEBUG_INFO = YES;
				ONLY_ACTIVE_ARCH = YES;
				SDKROOT = iphoneos;
				SWIFT_ACTIVE_COMPILATION_CONDITIONS = DEBUG;
				SWIFT_OPTIMIZATION_LEVEL = "-Onone";
				TARGETED_DEVICE_FAMILY = "1,2";
			};
			name = Debug;
		};
		B1D301831D29E11A006811F5 /* Release */ = {
			isa = XCBuildConfiguration;
			buildSettings = {
				ALWAYS_SEARCH_USER_PATHS = NO;
				CLANG_ANALYZER_NONNULL = YES;
				CLANG_CXX_LANGUAGE_STANDARD = "gnu++0x";
				CLANG_CXX_LIBRARY = "libc++";
				CLANG_ENABLE_MODULES = YES;
				CLANG_ENABLE_OBJC_ARC = YES;
				CLANG_WARN_BOOL_CONVERSION = YES;
				CLANG_WARN_CONSTANT_CONVERSION = YES;
				CLANG_WARN_DIRECT_OBJC_ISA_USAGE = YES_ERROR;
				CLANG_WARN_DOCUMENTATION_COMMENTS = YES;
				CLANG_WARN_EMPTY_BODY = YES;
				CLANG_WARN_ENUM_CONVERSION = YES;
				CLANG_WARN_INT_CONVERSION = YES;
				CLANG_WARN_OBJC_ROOT_CLASS = YES_ERROR;
				CLANG_WARN_UNREACHABLE_CODE = YES;
				CLANG_WARN__DUPLICATE_METHOD_MATCH = YES;
				CODE_SIGN_IDENTITY = "iPhone Developer";
				"CODE_SIGN_IDENTITY[sdk=iphoneos*]" = "iPhone Developer";
				COPY_PHASE_STRIP = NO;
				DEBUG_INFORMATION_FORMAT = "dwarf-with-dsym";
				ENABLE_NS_ASSERTIONS = NO;
				ENABLE_STRICT_OBJC_MSGSEND = YES;
				GCC_C_LANGUAGE_STANDARD = gnu99;
				GCC_NO_COMMON_BLOCKS = YES;
				GCC_WARN_64_TO_32_BIT_CONVERSION = YES;
				GCC_WARN_ABOUT_RETURN_TYPE = YES_ERROR;
				GCC_WARN_UNDECLARED_SELECTOR = YES;
				GCC_WARN_UNINITIALIZED_AUTOS = YES_AGGRESSIVE;
				GCC_WARN_UNUSED_FUNCTION = YES;
				GCC_WARN_UNUSED_VARIABLE = YES;
				IPHONEOS_DEPLOYMENT_TARGET = 9.0;
				MTL_ENABLE_DEBUG_INFO = NO;
				SDKROOT = iphoneos;
				SWIFT_OPTIMIZATION_LEVEL = "-Owholemodule";
				TARGETED_DEVICE_FAMILY = "1,2";
				VALIDATE_PRODUCT = YES;
			};
			name = Release;
		};
		B1D301851D29E11A006811F5 /* Debug */ = {
			isa = XCBuildConfiguration;
			baseConfigurationReference = 0952EBEADC8DD7FCBE3144F6 /* Pods-WhatToWearApp.debug.xcconfig */;
			buildSettings = {
				ASSETCATALOG_COMPILER_APPICON_NAME = AppIcon;
				CODE_SIGN_IDENTITY = "iPhone Developer";
				INFOPLIST_FILE = WhatToWearApp/Info.plist;
				IPHONEOS_DEPLOYMENT_TARGET = 9.3;
				LD_RUNPATH_SEARCH_PATHS = "$(inherited) @executable_path/Frameworks";
				PRODUCT_BUNDLE_IDENTIFIER = lxing.WhatToWearApp;
				PRODUCT_NAME = "$(TARGET_NAME)";
				SWIFT_VERSION = 3.0;
			};
			name = Debug;
		};
		B1D301861D29E11A006811F5 /* Release */ = {
			isa = XCBuildConfiguration;
			baseConfigurationReference = 539011CB3809D20E6FD36E60 /* Pods-WhatToWearApp.release.xcconfig */;
			buildSettings = {
				ASSETCATALOG_COMPILER_APPICON_NAME = AppIcon;
				CODE_SIGN_IDENTITY = "iPhone Developer";
				INFOPLIST_FILE = WhatToWearApp/Info.plist;
				IPHONEOS_DEPLOYMENT_TARGET = 9.3;
				LD_RUNPATH_SEARCH_PATHS = "$(inherited) @executable_path/Frameworks";
				PRODUCT_BUNDLE_IDENTIFIER = lxing.WhatToWearApp;
				PRODUCT_NAME = "$(TARGET_NAME)";
				SWIFT_VERSION = 3.0;
			};
			name = Release;
		};
		B1D301881D29E11A006811F5 /* Debug */ = {
			isa = XCBuildConfiguration;
			baseConfigurationReference = 904175A0B951CAE68CBA904F /* Pods-WhatToWearAppTests.debug.xcconfig */;
			buildSettings = {
				BUNDLE_LOADER = "$(TEST_HOST)";
				CODE_SIGN_IDENTITY = "iPhone Developer";
				INFOPLIST_FILE = WhatToWearAppTests/Info.plist;
				LD_RUNPATH_SEARCH_PATHS = "$(inherited) @executable_path/Frameworks @loader_path/Frameworks";
				PRODUCT_BUNDLE_IDENTIFIER = lxing.WhatToWearAppTests;
				PRODUCT_NAME = "$(TARGET_NAME)";
				SWIFT_VERSION = 3.0;
				TEST_HOST = "$(BUILT_PRODUCTS_DIR)/WhatToWearApp.app/WhatToWearApp";
			};
			name = Debug;
		};
		B1D301891D29E11A006811F5 /* Release */ = {
			isa = XCBuildConfiguration;
			baseConfigurationReference = 24AF8FD0683A1D1F747F92C9 /* Pods-WhatToWearAppTests.release.xcconfig */;
			buildSettings = {
				BUNDLE_LOADER = "$(TEST_HOST)";
				CODE_SIGN_IDENTITY = "iPhone Developer";
				INFOPLIST_FILE = WhatToWearAppTests/Info.plist;
				LD_RUNPATH_SEARCH_PATHS = "$(inherited) @executable_path/Frameworks @loader_path/Frameworks";
				PRODUCT_BUNDLE_IDENTIFIER = lxing.WhatToWearAppTests;
				PRODUCT_NAME = "$(TARGET_NAME)";
				SWIFT_VERSION = 3.0;
				TEST_HOST = "$(BUILT_PRODUCTS_DIR)/WhatToWearApp.app/WhatToWearApp";
			};
			name = Release;
		};
		B1D3018B1D29E11A006811F5 /* Debug */ = {
			isa = XCBuildConfiguration;
			baseConfigurationReference = F63F58EB2962C99D8F6BAB20 /* Pods-WhatToWearAppUITests.debug.xcconfig */;
			buildSettings = {
				CODE_SIGN_IDENTITY = "iPhone Developer";
				INFOPLIST_FILE = WhatToWearAppUITests/Info.plist;
				LD_RUNPATH_SEARCH_PATHS = "$(inherited) @executable_path/Frameworks @loader_path/Frameworks";
				PRODUCT_BUNDLE_IDENTIFIER = lxing.WhatToWearAppUITests;
				PRODUCT_NAME = "$(TARGET_NAME)";
				SWIFT_VERSION = 3.0;
				TEST_TARGET_NAME = WhatToWearApp;
			};
			name = Debug;
		};
		B1D3018C1D29E11A006811F5 /* Release */ = {
			isa = XCBuildConfiguration;
			baseConfigurationReference = 7E5375D022C31ED690B7FD8C /* Pods-WhatToWearAppUITests.release.xcconfig */;
			buildSettings = {
				CODE_SIGN_IDENTITY = "iPhone Developer";
				INFOPLIST_FILE = WhatToWearAppUITests/Info.plist;
				LD_RUNPATH_SEARCH_PATHS = "$(inherited) @executable_path/Frameworks @loader_path/Frameworks";
				PRODUCT_BUNDLE_IDENTIFIER = lxing.WhatToWearAppUITests;
				PRODUCT_NAME = "$(TARGET_NAME)";
				SWIFT_VERSION = 3.0;
				TEST_TARGET_NAME = WhatToWearApp;
			};
			name = Release;
		};
/* End XCBuildConfiguration section */

/* Begin XCConfigurationList section */
		B1D301571D29E11A006811F5 /* Build configuration list for PBXProject "WhatToWearApp" */ = {
			isa = XCConfigurationList;
			buildConfigurations = (
				B1D301821D29E11A006811F5 /* Debug */,
				B1D301831D29E11A006811F5 /* Release */,
			);
			defaultConfigurationIsVisible = 0;
			defaultConfigurationName = Release;
		};
		B1D301841D29E11A006811F5 /* Build configuration list for PBXNativeTarget "WhatToWearApp" */ = {
			isa = XCConfigurationList;
			buildConfigurations = (
				B1D301851D29E11A006811F5 /* Debug */,
				B1D301861D29E11A006811F5 /* Release */,
			);
			defaultConfigurationIsVisible = 0;
			defaultConfigurationName = Release;
		};
		B1D301871D29E11A006811F5 /* Build configuration list for PBXNativeTarget "WhatToWearAppTests" */ = {
			isa = XCConfigurationList;
			buildConfigurations = (
				B1D301881D29E11A006811F5 /* Debug */,
				B1D301891D29E11A006811F5 /* Release */,
			);
			defaultConfigurationIsVisible = 0;
			defaultConfigurationName = Release;
		};
		B1D3018A1D29E11A006811F5 /* Build configuration list for PBXNativeTarget "WhatToWearAppUITests" */ = {
			isa = XCConfigurationList;
			buildConfigurations = (
				B1D3018B1D29E11A006811F5 /* Debug */,
				B1D3018C1D29E11A006811F5 /* Release */,
			);
			defaultConfigurationIsVisible = 0;
			defaultConfigurationName = Release;
		};
/* End XCConfigurationList section */
	};
	rootObject = B1D301541D29E11A006811F5 /* Project object */;
}
